// !$*UTF8*$!
{
	archiveVersion = 1;
	classes = {
	};
	objectVersion = 50;
	objects = {

/* Begin PBXBuildFile section */
		F30CFB74253847D00075D340 /* AppDelegate.swift in Sources */ = {isa = PBXBuildFile; fileRef = F30CFB73253847D00075D340 /* AppDelegate.swift */; };
		F30CFB76253847D00075D340 /* SceneDelegate.swift in Sources */ = {isa = PBXBuildFile; fileRef = F30CFB75253847D00075D340 /* SceneDelegate.swift */; };
		F30CFB7B253847D00075D340 /* Main.storyboard in Resources */ = {isa = PBXBuildFile; fileRef = F30CFB79253847D00075D340 /* Main.storyboard */; };
		F30CFB7D253847D40075D340 /* Assets.xcassets in Resources */ = {isa = PBXBuildFile; fileRef = F30CFB7C253847D40075D340 /* Assets.xcassets */; };
		F30CFB80253847D40075D340 /* LaunchScreen.storyboard in Resources */ = {isa = PBXBuildFile; fileRef = F30CFB7E253847D40075D340 /* LaunchScreen.storyboard */; };
		F30CFB8A25384EA90075D340 /* ToDoTableViewController.swift in Sources */ = {isa = PBXBuildFile; fileRef = F30CFB8925384EA90075D340 /* ToDoTableViewController.swift */; };
		F30CFB8D25395D820075D340 /* ChecklistItem.swift in Sources */ = {isa = PBXBuildFile; fileRef = F30CFB8C25395D820075D340 /* ChecklistItem.swift */; };
		F30CFB9025395DB80075D340 /* TodoList.swift in Sources */ = {isa = PBXBuildFile; fileRef = F30CFB8F25395DB80075D340 /* TodoList.swift */; };
/* End PBXBuildFile section */

/* Begin PBXFileReference section */
		F30CFB70253847D00075D340 /* toDoList2ndTry.app */ = {isa = PBXFileReference; explicitFileType = wrapper.application; includeInIndex = 0; path = toDoList2ndTry.app; sourceTree = BUILT_PRODUCTS_DIR; };
		F30CFB73253847D00075D340 /* AppDelegate.swift */ = {isa = PBXFileReference; lastKnownFileType = sourcecode.swift; path = AppDelegate.swift; sourceTree = "<group>"; };
		F30CFB75253847D00075D340 /* SceneDelegate.swift */ = {isa = PBXFileReference; lastKnownFileType = sourcecode.swift; path = SceneDelegate.swift; sourceTree = "<group>"; };
		F30CFB7A253847D00075D340 /* Base */ = {isa = PBXFileReference; lastKnownFileType = file.storyboard; name = Base; path = Base.lproj/Main.storyboard; sourceTree = "<group>"; };
		F30CFB7C253847D40075D340 /* Assets.xcassets */ = {isa = PBXFileReference; lastKnownFileType = folder.assetcatalog; path = Assets.xcassets; sourceTree = "<group>"; };
		F30CFB7F253847D40075D340 /* Base */ = {isa = PBXFileReference; lastKnownFileType = file.storyboard; name = Base; path = Base.lproj/LaunchScreen.storyboard; sourceTree = "<group>"; };
		F30CFB81253847D40075D340 /* Info.plist */ = {isa = PBXFileReference; lastKnownFileType = text.plist.xml; path = Info.plist; sourceTree = "<group>"; };
		F30CFB8925384EA90075D340 /* ToDoTableViewController.swift */ = {isa = PBXFileReference; lastKnownFileType = sourcecode.swift; path = ToDoTableViewController.swift; sourceTree = "<group>"; };
		F30CFB8C25395D820075D340 /* ChecklistItem.swift */ = {isa = PBXFileReference; lastKnownFileType = sourcecode.swift; path = ChecklistItem.swift; sourceTree = "<group>"; };
		F30CFB8F25395DB80075D340 /* TodoList.swift */ = {isa = PBXFileReference; lastKnownFileType = sourcecode.swift; path = TodoList.swift; sourceTree = "<group>"; };
/* End PBXFileReference section */

/* Begin PBXFrameworksBuildPhase section */
		F30CFB6D253847D00075D340 /* Frameworks */ = {
			isa = PBXFrameworksBuildPhase;
			buildActionMask = 2147483647;
			files = (
			);
			runOnlyForDeploymentPostprocessing = 0;
		};
/* End PBXFrameworksBuildPhase section */

/* Begin PBXGroup section */
		F30CFB67253847D00075D340 = {
			isa = PBXGroup;
			children = (
				F30CFB72253847D00075D340 /* toDoList2ndTry */,
				F30CFB71253847D00075D340 /* Products */,
			);
			sourceTree = "<group>";
		};
		F30CFB71253847D00075D340 /* Products */ = {
			isa = PBXGroup;
			children = (
				F30CFB70253847D00075D340 /* toDoList2ndTry.app */,
			);
			name = Products;
			sourceTree = "<group>";
		};
		F30CFB72253847D00075D340 /* toDoList2ndTry */ = {
			isa = PBXGroup;
			children = (
				F30CFB73253847D00075D340 /* AppDelegate.swift */,
				F30CFB75253847D00075D340 /* SceneDelegate.swift */,
				F30CFB79253847D00075D340 /* Main.storyboard */,
				F30CFB8925384EA90075D340 /* ToDoTableViewController.swift */,
				F30CFB8F25395DB80075D340 /* TodoList.swift */,
				F30CFB8C25395D820075D340 /* ChecklistItem.swift */,
				F30CFB7C253847D40075D340 /* Assets.xcassets */,
				F30CFB7E253847D40075D340 /* LaunchScreen.storyboard */,
				F30CFB81253847D40075D340 /* Info.plist */,
			);
			path = toDoList2ndTry;
			sourceTree = "<group>";
		};
/* End PBXGroup section */

/* Begin PBXNativeTarget section */
		F30CFB6F253847D00075D340 /* toDoList2ndTry */ = {
			isa = PBXNativeTarget;
			buildConfigurationList = F30CFB84253847D40075D340 /* Build configuration list for PBXNativeTarget "toDoList2ndTry" */;
			buildPhases = (
				F30CFB6C253847D00075D340 /* Sources */,
				F30CFB6D253847D00075D340 /* Frameworks */,
				F30CFB6E253847D00075D340 /* Resources */,
			);
			buildRules = (
			);
			dependencies = (
			);
			name = toDoList2ndTry;
			productName = toDoList2ndTry;
			productReference = F30CFB70253847D00075D340 /* toDoList2ndTry.app */;
			productType = "com.apple.product-type.application";
		};
/* End PBXNativeTarget section */

/* Begin PBXProject section */
		F30CFB68253847D00075D340 /* Project object */ = {
			isa = PBXProject;
			attributes = {
				LastSwiftUpdateCheck = 1200;
				LastUpgradeCheck = 1200;
				TargetAttributes = {
					F30CFB6F253847D00075D340 = {
						CreatedOnToolsVersion = 12.0.1;
					};
				};
			};
			buildConfigurationList = F30CFB6B253847D00075D340 /* Build configuration list for PBXProject "toDoList2ndTry" */;
			compatibilityVersion = "Xcode 9.3";
			developmentRegion = en;
			hasScannedForEncodings = 0;
			knownRegions = (
				en,
				Base,
			);
			mainGroup = F30CFB67253847D00075D340;
			productRefGroup = F30CFB71253847D00075D340 /* Products */;
			projectDirPath = "";
			projectRoot = "";
			targets = (
				F30CFB6F253847D00075D340 /* toDoList2ndTry */,
			);
		};
/* End PBXProject section */

/* Begin PBXResourcesBuildPhase section */
		F30CFB6E253847D00075D340 /* Resources */ = {
			isa = PBXResourcesBuildPhase;
			buildActionMask = 2147483647;
			files = (
				F30CFB80253847D40075D340 /* LaunchScreen.storyboard in Resources */,
				F30CFB7D253847D40075D340 /* Assets.xcassets in Resources */,
				F30CFB7B253847D00075D340 /* Main.storyboard in Resources */,
			);
			runOnlyForDeploymentPostprocessing = 0;
		};
/* End PBXResourcesBuildPhase section */

/* Begin PBXSourcesBuildPhase section */
		F30CFB6C253847D00075D340 /* Sources */ = {
			isa = PBXSourcesBuildPhase;
			buildActionMask = 2147483647;
			files = (
				F30CFB9025395DB80075D340 /* TodoList.swift in Sources */,
				F30CFB74253847D00075D340 /* AppDelegate.swift in Sources */,
				F30CFB8A25384EA90075D340 /* ToDoTableViewController.swift in Sources */,
				F30CFB76253847D00075D340 /* SceneDelegate.swift in Sources */,
				F30CFB8D25395D820075D340 /* ChecklistItem.swift in Sources */,
			);
			runOnlyForDeploymentPostprocessing = 0;
		};
/* End PBXSourcesBuildPhase section */

/* Begin PBXVariantGroup section */
		F30CFB79253847D00075D340 /* Main.storyboard */ = {
			isa = PBXVariantGroup;
			children = (
				F30CFB7A253847D00075D340 /* Base */,
			);
			name = Main.storyboard;
			sourceTree = "<group>";
		};
		F30CFB7E253847D40075D340 /* LaunchScreen.storyboard */ = {
			isa = PBXVariantGroup;
			children = (
				F30CFB7F253847D40075D340 /* Base */,
			);
			name = LaunchScreen.storyboard;
			sourceTree = "<group>";
		};
/* End PBXVariantGroup section */

/* Begin XCBuildConfiguration section */
		F30CFB82253847D40075D340 /* Debug */ = {
			isa = XCBuildConfiguration;
			buildSettings = {
				ALWAYS_SEARCH_USER_PATHS = NO;
				CLANG_ANALYZER_NONNULL = YES;
				CLANG_ANALYZER_NUMBER_OBJECT_CONVERSION = YES_AGGRESSIVE;
				CLANG_CXX_LANGUAGE_STANDARD = "gnu++14";
				CLANG_CXX_LIBRARY = "libc++";
				CLANG_ENABLE_MODULES = YES;
				CLANG_ENABLE_OBJC_ARC = YES;
				CLANG_ENABLE_OBJC_WEAK = YES;
				CLANG_WARN_BLOCK_CAPTURE_AUTORELEASING = YES;
				CLANG_WARN_BOOL_CONVERSION = YES;
				CLANG_WARN_COMMA = YES;
				CLANG_WARN_CONSTANT_CONVERSION = YES;
				CLANG_WARN_DEPRECATED_OBJC_IMPLEMENTATIONS = YES;
				CLANG_WARN_DIRECT_OBJC_ISA_USAGE = YES_ERROR;
				CLANG_WARN_DOCUMENTATION_COMMENTS = YES;
				CLANG_WARN_EMPTY_BODY = YES;
				CLANG_WARN_ENUM_CONVERSION = YES;
				CLANG_WARN_INFINITE_RECURSION = YES;
				CLANG_WARN_INT_CONVERSION = YES;
				CLANG_WARN_NON_LITERAL_NULL_CONVERSION = YES;
				CLANG_WARN_OBJC_IMPLICIT_RETAIN_SELF = YES;
				CLANG_WARN_OBJC_LITERAL_CONVERSION = YES;
				CLANG_WARN_OBJC_ROOT_CLASS = YES_ERROR;
				CLANG_WARN_QUOTED_INCLUDE_IN_FRAMEWORK_HEADER = YES;
				CLANG_WARN_RANGE_LOOP_ANALYSIS = YES;
				CLANG_WARN_STRICT_PROTOTYPES = YES;
				CLANG_WARN_SUSPICIOUS_MOVE = YES;
				CLANG_WARN_UNGUARDED_AVAILABILITY = YES_AGGRESSIVE;
				CLANG_WARN_UNREACHABLE_CODE = YES;
				CLANG_WARN__DUPLICATE_METHOD_MATCH = YES;
				COPY_PHASE_STRIP = NO;
				DEBUG_INFORMATION_FORMAT = dwarf;
				ENABLE_STRICT_OBJC_MSGSEND = YES;
				ENABLE_TESTABILITY = YES;
				GCC_C_LANGUAGE_STANDARD = gnu11;
				GCC_DYNAMIC_NO_PIC = NO;
				GCC_NO_COMMON_BLOCKS = YES;
				GCC_OPTIMIZATION_LEVEL = 0;
				GCC_PREPROCESSOR_DEFINITIONS = (
					"DEBUG=1",
					"$(inherited)",
				);
				GCC_WARN_64_TO_32_BIT_CONVERSION = YES;
				GCC_WARN_ABOUT_RETURN_TYPE = YES_ERROR;
				GCC_WARN_UNDECLARED_SELECTOR = YES;
				GCC_WARN_UNINITIALIZED_AUTOS = YES_AGGRESSIVE;
				GCC_WARN_UNUSED_FUNCTION = YES;
				GCC_WARN_UNUSED_VARIABLE = YES;
				IPHONEOS_DEPLOYMENT_TARGET = 14.0;
				MTL_ENABLE_DEBUG_INFO = INCLUDE_SOURCE;
				MTL_FAST_MATH = YES;
				ONLY_ACTIVE_ARCH = YES;
				SDKROOT = iphoneos;
				SWIFT_ACTIVE_COMPILATION_CONDITIONS = DEBUG;
				SWIFT_OPTIMIZATION_LEVEL = "-Onone";
			};
			name = Debug;
		};
		F30CFB83253847D40075D340 /* Release */ = {
			isa = XCBuildConfiguration;
			buildSettings = {
				ALWAYS_SEARCH_USER_PATHS = NO;
				CLANG_ANALYZER_NONNULL = YES;
				CLANG_ANALYZER_NUMBER_OBJECT_CONVERSION = YES_AGGRESSIVE;
				CLANG_CXX_LANGUAGE_STANDARD = "gnu++14";
				CLANG_CXX_LIBRARY = "libc++";
				CLANG_ENABLE_MODULES = YES;
				CLANG_ENABLE_OBJC_ARC = YES;
				CLANG_ENABLE_OBJC_WEAK = YES;
				CLANG_WARN_BLOCK_CAPTURE_AUTORELEASING = YES;
				CLANG_WARN_BOOL_CONVERSION = YES;
				CLANG_WARN_COMMA = YES;
				CLANG_WARN_CONSTANT_CONVERSION = YES;
				CLANG_WARN_DEPRECATED_OBJC_IMPLEMENTATIONS = YES;
				CLANG_WARN_DIRECT_OBJC_ISA_USAGE = YES_ERROR;
				CLANG_WARN_DOCUMENTATION_COMMENTS = YES;
				CLANG_WARN_EMPTY_BODY = YES;
				CLANG_WARN_ENUM_CONVERSION = YES;
				CLANG_WARN_INFINITE_RECURSION = YES;
				CLANG_WARN_INT_CONVERSION = YES;
				CLANG_WARN_NON_LITERAL_NULL_CONVERSION = YES;
				CLANG_WARN_OBJC_IMPLICIT_RETAIN_SELF = YES;
				CLANG_WARN_OBJC_LITERAL_CONVERSION = YES;
				CLANG_WARN_OBJC_ROOT_CLASS = YES_ERROR;
				CLANG_WARN_QUOTED_INCLUDE_IN_FRAMEWORK_HEADER = YES;
				CLANG_WARN_RANGE_LOOP_ANALYSIS = YES;
				CLANG_WARN_STRICT_PROTOTYPES = YES;
				CLANG_WARN_SUSPICIOUS_MOVE = YES;
				CLANG_WARN_UNGUARDED_AVAILABILITY = YES_AGGRESSIVE;
				CLANG_WARN_UNREACHABLE_CODE = YES;
				CLANG_WARN__DUPLICATE_METHOD_MATCH = YES;
				COPY_PHASE_STRIP = NO;
				DEBUG_INFORMATION_FORMAT = "dwarf-with-dsym";
				ENABLE_NS_ASSERTIONS = NO;
				ENABLE_STRICT_OBJC_MSGSEND = YES;
				GCC_C_LANGUAGE_STANDARD = gnu11;
				GCC_NO_COMMON_BLOCKS = YES;
				GCC_WARN_64_TO_32_BIT_CONVERSION = YES;
				GCC_WARN_ABOUT_RETURN_TYPE = YES_ERROR;
				GCC_WARN_UNDECLARED_SELECTOR = YES;
				GCC_WARN_UNINITIALIZED_AUTOS = YES_AGGRESSIVE;
				GCC_WARN_UNUSED_FUNCTION = YES;
				GCC_WARN_UNUSED_VARIABLE = YES;
				IPHONEOS_DEPLOYMENT_TARGET = 14.0;
				MTL_ENABLE_DEBUG_INFO = NO;
				MTL_FAST_MATH = YES;
				SDKROOT = iphoneos;
				SWIFT_COMPILATION_MODE = wholemodule;
				SWIFT_OPTIMIZATION_LEVEL = "-O";
				VALIDATE_PRODUCT = YES;
			};
			name = Release;
		};
		F30CFB85253847D40075D340 /* Debug */ = {
			isa = XCBuildConfiguration;
			buildSettings = {
				ASSETCATALOG_COMPILER_APPICON_NAME = AppIcon;
				ASSETCATALOG_COMPILER_GLOBAL_ACCENT_COLOR_NAME = AccentColor;
				CODE_SIGN_STYLE = Automatic;
				INFOPLIST_FILE = toDoList2ndTry/Info.plist;
				LD_RUNPATH_SEARCH_PATHS = (
					"$(inherited)",
					"@executable_path/Frameworks",
				);
				PRODUCT_BUNDLE_IDENTIFIER = atayinc.toDoList2ndTry;
				PRODUCT_NAME = "$(TARGET_NAME)";
				SWIFT_VERSION = 5.0;
				TARGETED_DEVICE_FAMILY = "1,2";
			};
			name = Debug;
		};
		F30CFB86253847D40075D340 /* Release */ = {
			isa = XCBuildConfiguration;
			buildSettings = {
				ASSETCATALOG_COMPILER_APPICON_NAME = AppIcon;
				ASSETCATALOG_COMPILER_GLOBAL_ACCENT_COLOR_NAME = AccentColor;
				CODE_SIGN_STYLE = Automatic;
				INFOPLIST_FILE = toDoList2ndTry/Info.plist;
				LD_RUNPATH_SEARCH_PATHS = (
					"$(inherited)",
					"@executable_path/Frameworks",
				);
				PRODUCT_BUNDLE_IDENTIFIER = atayinc.toDoList2ndTry;
				PRODUCT_NAME = "$(TARGET_NAME)";
				SWIFT_VERSION = 5.0;
				TARGETED_DEVICE_FAMILY = "1,2";
			};
			name = Release;
		};
/* End XCBuildConfiguration section */

/* Begin XCConfigurationList section */
		F30CFB6B253847D00075D340 /* Build configuration list for PBXProject "toDoList2ndTry" */ = {
			isa = XCConfigurationList;
			buildConfigurations = (
				F30CFB82253847D40075D340 /* Debug */,
				F30CFB83253847D40075D340 /* Release */,
			);
			defaultConfigurationIsVisible = 0;
			defaultConfigurationName = Release;
		};
		F30CFB84253847D40075D340 /* Build configuration list for PBXNativeTarget "toDoList2ndTry" */ = {
			isa = XCConfigurationList;
			buildConfigurations = (
				F30CFB85253847D40075D340 /* Debug */,
				F30CFB86253847D40075D340 /* Release */,
			);
			defaultConfigurationIsVisible = 0;
			defaultConfigurationName = Release;
		};
/* End XCConfigurationList section */
	};
	rootObject = F30CFB68253847D00075D340 /* Project object */;
}
